# This file was autogenerated by Stack.
# You should not edit this file by hand.
# For more information, please see the documentation at:
#   https://docs.haskellstack.org/en/stable/lock_files

packages:
- completed:
    hackage: astar-0.3.0.0@sha256:8bf6350542e9db9451490e8993560ee843dc48a61d46a206985430f9b62461c8,967
    pantry-tree:
      size: 213
      sha256: c4176cc3fc9ad39f2a9fc7eb4346c87b6e60b70ba23d8e2adbdfc81fe544b808
  original:
    hackage: astar-0.3.0.0@sha256:8bf6350542e9db9451490e8993560ee843dc48a61d46a206985430f9b62461c8,967
- completed:
    name: aoc
    version: 0.1.0.0
    git: https://github.com/dustin/aoc.git
    pantry-tree:
      size: 1108
      sha256: 7da5847972787b9270b2ee1e05b468506d30265f2b41215f2af98fc43cc1077a
    commit: 7a1a5a383196faaa738149c10c30a8f8f0c0e611
  original:
    git: https://github.com/dustin/aoc.git
    commit: 7a1a5a383196faaa738149c10c30a8f8f0c0e611
- completed:
    hackage: criterion-1.5.9.0@sha256:a3446db6c8e0336777bc2ba5dcfc2bab1b086d012e98e519c9528e3d1682a671,5109
    pantry-tree:
      size: 2265
      sha256: 47ac9b45fb3905c1d5ec8b1086e4593877a27b243e18c0e1d189e96c68032bcb
  original:
    hackage: criterion-1.5.9.0
- completed:
    hackage: js-chart-2.9.4.1@sha256:0f4bc23d19ac869ec0cbdbd7596a5074ba4be68e85fa5bb76a3bed559907b3bc,1802
    pantry-tree:
      size: 652
      sha256: 39a4777beb58727effeccb14d9f58f3d391446d035aefd30dd5eafe2a31b8ead
  original:
    hackage: js-chart-2.9.4.1@sha256:0f4bc23d19ac869ec0cbdbd7596a5074ba4be68e85fa5bb76a3bed559907b3bc,1802
snapshots:
- completed:
    size: 532832
    url: https://raw.githubusercontent.com/commercialhaskell/stackage-snapshots/master/lts/16/23.yaml
    sha256: fbb2a0519008533924c7753bd7164ddd1009f09504eb06674acad6049b46db09
  original:
    url: https://raw.githubusercontent.com/commercialhaskell/stackage-snapshots/master/lts/16/23.yaml
